schema: '2.0'
stages:
  feature_engineering:
    cmd: python3 api/ml/feature_engineering.py
    deps:
    - path: api/ml/data/raw/borrowers_raw.csv
      hash: md5
      md5: df7b2f5e5ed775f042b02d946adbe381
      size: 4012
      isexec: true
    - path: api/ml/feature_engineering.py
      hash: md5
      md5: eab3a02c0d81e17087cd88bb13d126bf
      size: 1160
      isexec: true
    outs:
    - path: api/ml/data/processed/borrowers_processed.csv
      hash: md5
      md5: 34f5676078e305cfd327f1ffda230a0a
      size: 4790
      isexec: true
  train_model:
    cmd: python3 api/ml/train.py
    deps:
    - path: api/ml/data/processed/borrowers_processed.csv
      hash: md5
      md5: 34f5676078e305cfd327f1ffda230a0a
      size: 4790
      isexec: true
    - path: api/ml/train.py
      hash: md5
      md5: 79288962d0741e7f40b64b1ee7d6678e
      size: 3238
      isexec: true
    outs:
    - path: api/ml/credit_risk_model.joblib
      hash: md5
      md5: 3c86c1621bf7797bfa4ef131062fe2f1
      size: 202937
      isexec: true
    - path: api/ml/feature_columns.joblib
      hash: md5
      md5: ad597f2570e5b423677601c0470e563a
      size: 294
      isexec: true
  register_model:
    cmd: python3 api/register_model.py
    deps:
    - path: api/ml/credit_risk_model.joblib
      hash: md5
      md5: 3c86c1621bf7797bfa4ef131062fe2f1
      size: 202937
      isexec: true
    - path: api/ml/feature_columns.joblib
      hash: md5
      md5: ad597f2570e5b423677601c0470e563a
      size: 294
      isexec: true
    - path: api/register_model.py
      hash: md5
      md5: 5a1d68256b0c82832b7eb021f72e4cd0
      size: 2571
      isexec: true
  evaluate_model:
    cmd: python3 api/ml/evaluate_model_light.py
    deps:
    - path: api/ml/credit_risk_model.joblib
      hash: md5
      md5: 3c86c1621bf7797bfa4ef131062fe2f1
      size: 202937
      isexec: true
    - path: api/ml/data/processed/borrowers_processed.csv
      hash: md5
      md5: 34f5676078e305cfd327f1ffda230a0a
      size: 4790
      isexec: true
    - path: api/ml/evaluate_model_light.py
      hash: md5
      md5: 95f59b589b0d1b3503d45a154961d21b
      size: 1439
      isexec: true
    outs:
    - path: evaluation_metrics.json
      hash: md5
      md5: 95b41da61c27c1696e18d14bcb3c5d43
      size: 16
      isexec: true
